{
  "name": "@conjurelabs/pg-dot-template",
  "version": "2.0.4",
  "lockfileVersion": 1,
  "requires": true,
  "dependencies": {
    "@conjurelabs/get-type": {
      "version": "1.0.0",
      "resolved": "https://registry.npmjs.org/@conjurelabs/get-type/-/get-type-1.0.0.tgz",
      "integrity": "sha512-eiHqBPQ70d4KSXw6T2GTEaDv/tpCZpXs0SkNwONpJMc3Xpe5/Gq4U8fon+mqSSufOfagGZ4rm3ZFoDOolt8Eyg=="
    }
  }
}
